# THIS IS AN AUTOGENERATED FILE. DO NOT EDIT THIS FILE DIRECTLY.
# yarn lockfile v1


"@playwright/test@^1.22.1":
  version "1.22.1"
  resolved "https://registry.yarnpkg.com/@playwright/test/-/test-1.22.1.tgz#78b4a7c13d8a7a0c6432672571d70c4d3963f027"
  integrity sha512-8ouMBUboYslHom41W8bnSEn0TwlAMHhCACwOZeuiAgzukj7KobpZ+UBwrGE0jJ0UblJbKAQNRHXL+z7sDSkb6g==
  dependencies:
    playwright-core "1.22.1"

playwright-core@1.22.1:
  version "1.22.1"
  resolved "https://registry.yarnpkg.com/playwright-core/-/playwright-core-1.22.1.tgz#59ddf903546171fdfd9c3dc189630c883619667c"
  integrity sha512-H+ZUVYnceWNXrRf3oxTEKAr81QzFsCKu5Fp//fEjQvqgKkfA1iX3E9DBrPJpPNOrgVzcE+IqeI0fDmYJe6Ynnw==
